Microsoft Visual Studio Solution File, Format Version 12.00
# Visual Studio Version 17
VisualStudioVersion = 17.5.2.0
MinimumVisualStudioVersion = 10.0.40219.1
Project("{FAE04EC0-301F-11D3-BF4B-00C04F79EFBC}") = "PdfMergeCompany", "PdfMergeCompany\PdfMergeCompany.csproj", "{CD3D42AB-F813-06CF-09BB-88CF059B1B28}"
EndProject
Global
	GlobalSection(SolutionConfigurationPlatforms) = preSolution
		Debug|Any CPU = Debug|Any CPU
		Release|Any CPU = Release|Any CPU
	EndGlobalSection
	GlobalSection(ProjectConfigurationPlatforms) = postSolution
		{CD3D42AB-F813-06CF-09BB-88CF059B1B28}.Debug|Any CPU.ActiveCfg = Debug|Any CPU
		{CD3D42AB-F813-06CF-09BB-88CF059B1B28}.Debug|Any CPU.Build.0 = Debug|Any CPU
		{CD3D42AB-F813-06CF-09BB-88CF059B1B28}.Release|Any CPU.ActiveCfg = Release|Any CPU
		{CD3D42AB-F813-06CF-09BB-88CF059B1B28}.Release|Any CPU.Build.0 = Release|Any CPU
	EndGlobalSection
	GlobalSection(SolutionProperties) = preSolution
		HideSolutionNode = FALSE
	EndGlobalSection
	GlobalSection(ExtensibilityGlobals) = postSolution
		SolutionGuid = {1E2DC5EE-B27D-46C9-909F-013E7BC5FD25}
	EndGlobalSection
EndGlobal
